
Microsoft Visual Studio Solution File, Format Version 12.00
# Visual Studio Version 17
VisualStudioVersion = 17.11.35312.102
MinimumVisualStudioVersion = 10.0.40219.1
Project("{FAE04EC0-301F-11D3-BF4B-00C04F79EFBC}") = "DesignMaterialBackend", "DesignMaterialBackend\DesignMaterialBackend.csproj", "{9AAA912B-085E-4E23-813A-C68BBA33DBC9}"
EndProject
Global
	GlobalSection(SolutionConfigurationPlatforms) = preSolution
		Debug|Any CPU = Debug|Any CPU
		Release|Any CPU = Release|Any CPU
	EndGlobalSection
	GlobalSection(ProjectConfigurationPlatforms) = postSolution
		{9AAA912B-085E-4E23-813A-C68BBA33DBC9}.Debug|Any CPU.ActiveCfg = Debug|Any CPU
		{9AAA912B-085E-4E23-813A-C68BBA33DBC9}.Debug|Any CPU.Build.0 = Debug|Any CPU
		{9AAA912B-085E-4E23-813A-C68BBA33DBC9}.Release|Any CPU.ActiveCfg = Release|Any CPU
		{9AAA912B-085E-4E23-813A-C68BBA33DBC9}.Release|Any CPU.Build.0 = Release|Any CPU
	EndGlobalSection
	GlobalSection(SolutionProperties) = preSolution
		HideSolutionNode = FALSE
	EndGlobalSection
	GlobalSection(ExtensibilityGlobals) = postSolution
		SolutionGuid = {D7F2E6CD-39B5-482D-B69E-655FC9E9365A}
	EndGlobalSection
EndGlobal
